
Microsoft Visual Studio Solution File, Format Version 12.00
# Visual Studio 15
VisualStudioVersion = 15.0.28307.902
MinimumVisualStudioVersion = 10.0.40219.1
Project("{FAE04EC0-301F-11D3-BF4B-00C04F79EFBC}") = "FrontEndProcessorService", "SCADA\dCom\FrontEndProcessorService.csproj", "{B5697AB8-53AC-4230-9B79-E43A6AA54436}"
EndProject
Project("{FAE04EC0-301F-11D3-BF4B-00C04F79EFBC}") = "ScadaCommon", "SCADA\Common\ScadaCommon.csproj", "{823D1355-EFD0-481C-A0D9-FDA0C4EA37DF}"
EndProject
Project("{FAE04EC0-301F-11D3-BF4B-00C04F79EFBC}") = "ProcessingModule", "SCADA\ProcessingModule\ProcessingModule.csproj", "{A61FACB3-147E-4FD9-88C1-A3F226157C23}"
EndProject
Project("{FAE04EC0-301F-11D3-BF4B-00C04F79EFBC}") = "Modbus", "SCADA\Modbus\Modbus.csproj", "{65B26E48-3A6C-4BC4-AF16-F77809B5AFA2}"
EndProject
Project("{2150E333-8FDC-42A3-9474-1A3956D46DE8}") = "SCADA", "SCADA", "{1D9DA43D-2ADC-40A1-AC9D-FAB36D0F77F2}"
EndProject
Project("{2150E333-8FDC-42A3-9474-1A3956D46DE8}") = "NMS", "NMS", "{CD8C2CEA-143F-411A-A4A9-988A9A9FB516}"
EndProject
Project("{FAE04EC0-301F-11D3-BF4B-00C04F79EFBC}") = "NetworkModelService", "NetworkModelService\NetworkModelService.csproj", "{9BACAF37-6E01-4703-BB17-7B5262B4B686}"
EndProject
Project("{FAE04EC0-301F-11D3-BF4B-00C04F79EFBC}") = "DataModel", "DataModel\DataModel.csproj", "{47B89925-DDA4-477B-B9B0-33C069BCC5EA}"
EndProject
Project("{2150E333-8FDC-42A3-9474-1A3956D46DE8}") = "Common", "Common", "{75C96591-E7C2-40B2-81EC-E3E8A7320AAC}"
EndProject
Project("{FAE04EC0-301F-11D3-BF4B-00C04F79EFBC}") = "Common", "Common\Common.csproj", "{6C234280-508A-47A4-B9CA-2677082EF85F}"
EndProject
Project("{2150E333-8FDC-42A3-9474-1A3956D46DE8}") = "ServiceContracts", "ServiceContracts", "{72590569-64FE-43F4-82AE-29A51055910C}"
EndProject
Project("{FAE04EC0-301F-11D3-BF4B-00C04F79EFBC}") = "NetworkModelGDAContract", "NetworkModelGDAContract\NetworkModelGDAContract.csproj", "{60EEDD71-25C6-488A-870A-A16ACFC91D88}"
EndProject
Project("{FAE04EC0-301F-11D3-BF4B-00C04F79EFBC}") = "NMSSelfHost", "NMSSelfHost\NMSSelfHost.csproj", "{10D5DA8F-7309-4E8E-B1A3-9B650F3BBFE8}"
EndProject
Project("{2150E333-8FDC-42A3-9474-1A3956D46DE8}") = "CIMParser", "CIMParser", "{E412D2B5-0DDD-48AC-96D0-C42E513F9100}"
EndProject
Project("{FAE04EC0-301F-11D3-BF4B-00C04F79EFBC}") = "CIMParser", "CIMParser\CIMParser.csproj", "{3C03A41C-BE4C-40A8-97D5-5DBAC0C34102}"
EndProject
Project("{2150E333-8FDC-42A3-9474-1A3956D46DE8}") = "CIMAdapter", "CIMAdapter", "{C8746962-1A8D-43FB-97BF-D8ABE8C423CE}"
EndProject
Project("{FAE04EC0-301F-11D3-BF4B-00C04F79EFBC}") = "CIMAdapter", "CIMAdapter\CIMAdapter.csproj", "{F680D34F-C148-4314-8914-B2DF3E7B17AF}"
EndProject
Project("{2150E333-8FDC-42A3-9474-1A3956D46DE8}") = "ModelLabs", "ModelLabs", "{9014AD10-A8A2-4F5E-8785-4B6FA2A8731F}"
EndProject
Project("{FAE04EC0-301F-11D3-BF4B-00C04F79EFBC}") = "ModelLabsApp", "ModelLabsApp\ModelLabsApp.csproj", "{3DD11384-2CC1-4EE9-9F4A-02B6FE8759C0}"
EndProject
Global
	GlobalSection(SolutionConfigurationPlatforms) = preSolution
		Debug|Any CPU = Debug|Any CPU
		Debug|x64 = Debug|x64
		Debug|x86 = Debug|x86
		Release|Any CPU = Release|Any CPU
		Release|x64 = Release|x64
		Release|x86 = Release|x86
	EndGlobalSection
	GlobalSection(ProjectConfigurationPlatforms) = postSolution
		{B5697AB8-53AC-4230-9B79-E43A6AA54436}.Debug|Any CPU.ActiveCfg = Debug|Any CPU
		{B5697AB8-53AC-4230-9B79-E43A6AA54436}.Debug|Any CPU.Build.0 = Debug|Any CPU
		{B5697AB8-53AC-4230-9B79-E43A6AA54436}.Debug|x64.ActiveCfg = Debug|Any CPU
		{B5697AB8-53AC-4230-9B79-E43A6AA54436}.Debug|x64.Build.0 = Debug|Any CPU
		{B5697AB8-53AC-4230-9B79-E43A6AA54436}.Debug|x86.ActiveCfg = Debug|Any CPU
		{B5697AB8-53AC-4230-9B79-E43A6AA54436}.Debug|x86.Build.0 = Debug|Any CPU
		{B5697AB8-53AC-4230-9B79-E43A6AA54436}.Release|Any CPU.ActiveCfg = Release|Any CPU
		{B5697AB8-53AC-4230-9B79-E43A6AA54436}.Release|Any CPU.Build.0 = Release|Any CPU
		{B5697AB8-53AC-4230-9B79-E43A6AA54436}.Release|x64.ActiveCfg = Release|Any CPU
		{B5697AB8-53AC-4230-9B79-E43A6AA54436}.Release|x64.Build.0 = Release|Any CPU
		{B5697AB8-53AC-4230-9B79-E43A6AA54436}.Release|x86.ActiveCfg = Release|Any CPU
		{B5697AB8-53AC-4230-9B79-E43A6AA54436}.Release|x86.Build.0 = Release|Any CPU
		{823D1355-EFD0-481C-A0D9-FDA0C4EA37DF}.Debug|Any CPU.ActiveCfg = Debug|Any CPU
		{823D1355-EFD0-481C-A0D9-FDA0C4EA37DF}.Debug|Any CPU.Build.0 = Debug|Any CPU
		{823D1355-EFD0-481C-A0D9-FDA0C4EA37DF}.Debug|x64.ActiveCfg = Debug|Any CPU
		{823D1355-EFD0-481C-A0D9-FDA0C4EA37DF}.Debug|x64.Build.0 = Debug|Any CPU
		{823D1355-EFD0-481C-A0D9-FDA0C4EA37DF}.Debug|x86.ActiveCfg = Debug|Any CPU
		{823D1355-EFD0-481C-A0D9-FDA0C4EA37DF}.Debug|x86.Build.0 = Debug|Any CPU
		{823D1355-EFD0-481C-A0D9-FDA0C4EA37DF}.Release|Any CPU.ActiveCfg = Release|Any CPU
		{823D1355-EFD0-481C-A0D9-FDA0C4EA37DF}.Release|Any CPU.Build.0 = Release|Any CPU
		{823D1355-EFD0-481C-A0D9-FDA0C4EA37DF}.Release|x64.ActiveCfg = Release|Any CPU
		{823D1355-EFD0-481C-A0D9-FDA0C4EA37DF}.Release|x64.Build.0 = Release|Any CPU
		{823D1355-EFD0-481C-A0D9-FDA0C4EA37DF}.Release|x86.ActiveCfg = Release|Any CPU
		{823D1355-EFD0-481C-A0D9-FDA0C4EA37DF}.Release|x86.Build.0 = Release|Any CPU
		{A61FACB3-147E-4FD9-88C1-A3F226157C23}.Debug|Any CPU.ActiveCfg = Debug|Any CPU
		{A61FACB3-147E-4FD9-88C1-A3F226157C23}.Debug|Any CPU.Build.0 = Debug|Any CPU
		{A61FACB3-147E-4FD9-88C1-A3F226157C23}.Debug|x64.ActiveCfg = Debug|Any CPU
		{A61FACB3-147E-4FD9-88C1-A3F226157C23}.Debug|x64.Build.0 = Debug|Any CPU
		{A61FACB3-147E-4FD9-88C1-A3F226157C23}.Debug|x86.ActiveCfg = Debug|Any CPU
		{A61FACB3-147E-4FD9-88C1-A3F226157C23}.Debug|x86.Build.0 = Debug|Any CPU
		{A61FACB3-147E-4FD9-88C1-A3F226157C23}.Release|Any CPU.ActiveCfg = Release|Any CPU
		{A61FACB3-147E-4FD9-88C1-A3F226157C23}.Release|Any CPU.Build.0 = Release|Any CPU
		{A61FACB3-147E-4FD9-88C1-A3F226157C23}.Release|x64.ActiveCfg = Release|Any CPU
		{A61FACB3-147E-4FD9-88C1-A3F226157C23}.Release|x64.Build.0 = Release|Any CPU
		{A61FACB3-147E-4FD9-88C1-A3F226157C23}.Release|x86.ActiveCfg = Release|Any CPU
		{A61FACB3-147E-4FD9-88C1-A3F226157C23}.Release|x86.Build.0 = Release|Any CPU
		{65B26E48-3A6C-4BC4-AF16-F77809B5AFA2}.Debug|Any CPU.ActiveCfg = Debug|Any CPU
		{65B26E48-3A6C-4BC4-AF16-F77809B5AFA2}.Debug|Any CPU.Build.0 = Debug|Any CPU
		{65B26E48-3A6C-4BC4-AF16-F77809B5AFA2}.Debug|x64.ActiveCfg = Debug|Any CPU
		{65B26E48-3A6C-4BC4-AF16-F77809B5AFA2}.Debug|x64.Build.0 = Debug|Any CPU
		{65B26E48-3A6C-4BC4-AF16-F77809B5AFA2}.Debug|x86.ActiveCfg = Debug|Any CPU
		{65B26E48-3A6C-4BC4-AF16-F77809B5AFA2}.Debug|x86.Build.0 = Debug|Any CPU
		{65B26E48-3A6C-4BC4-AF16-F77809B5AFA2}.Release|Any CPU.ActiveCfg = Release|Any CPU
		{65B26E48-3A6C-4BC4-AF16-F77809B5AFA2}.Release|Any CPU.Build.0 = Release|Any CPU
		{65B26E48-3A6C-4BC4-AF16-F77809B5AFA2}.Release|x64.ActiveCfg = Release|Any CPU
		{65B26E48-3A6C-4BC4-AF16-F77809B5AFA2}.Release|x64.Build.0 = Release|Any CPU
		{65B26E48-3A6C-4BC4-AF16-F77809B5AFA2}.Release|x86.ActiveCfg = Release|Any CPU
		{65B26E48-3A6C-4BC4-AF16-F77809B5AFA2}.Release|x86.Build.0 = Release|Any CPU
		{9BACAF37-6E01-4703-BB17-7B5262B4B686}.Debug|Any CPU.ActiveCfg = Debug|Any CPU
		{9BACAF37-6E01-4703-BB17-7B5262B4B686}.Debug|Any CPU.Build.0 = Debug|Any CPU
		{9BACAF37-6E01-4703-BB17-7B5262B4B686}.Debug|x64.ActiveCfg = Debug|Any CPU
		{9BACAF37-6E01-4703-BB17-7B5262B4B686}.Debug|x64.Build.0 = Debug|Any CPU
		{9BACAF37-6E01-4703-BB17-7B5262B4B686}.Debug|x86.ActiveCfg = Debug|Any CPU
		{9BACAF37-6E01-4703-BB17-7B5262B4B686}.Debug|x86.Build.0 = Debug|Any CPU
		{9BACAF37-6E01-4703-BB17-7B5262B4B686}.Release|Any CPU.ActiveCfg = Release|Any CPU
		{9BACAF37-6E01-4703-BB17-7B5262B4B686}.Release|Any CPU.Build.0 = Release|Any CPU
		{9BACAF37-6E01-4703-BB17-7B5262B4B686}.Release|x64.ActiveCfg = Release|Any CPU
		{9BACAF37-6E01-4703-BB17-7B5262B4B686}.Release|x64.Build.0 = Release|Any CPU
		{9BACAF37-6E01-4703-BB17-7B5262B4B686}.Release|x86.ActiveCfg = Release|Any CPU
		{9BACAF37-6E01-4703-BB17-7B5262B4B686}.Release|x86.Build.0 = Release|Any CPU
		{47B89925-DDA4-477B-B9B0-33C069BCC5EA}.Debug|Any CPU.ActiveCfg = Debug|Any CPU
		{47B89925-DDA4-477B-B9B0-33C069BCC5EA}.Debug|Any CPU.Build.0 = Debug|Any CPU
		{47B89925-DDA4-477B-B9B0-33C069BCC5EA}.Debug|x64.ActiveCfg = Debug|Any CPU
		{47B89925-DDA4-477B-B9B0-33C069BCC5EA}.Debug|x64.Build.0 = Debug|Any CPU
		{47B89925-DDA4-477B-B9B0-33C069BCC5EA}.Debug|x86.ActiveCfg = Debug|Any CPU
		{47B89925-DDA4-477B-B9B0-33C069BCC5EA}.Debug|x86.Build.0 = Debug|Any CPU
		{47B89925-DDA4-477B-B9B0-33C069BCC5EA}.Release|Any CPU.ActiveCfg = Release|Any CPU
		{47B89925-DDA4-477B-B9B0-33C069BCC5EA}.Release|Any CPU.Build.0 = Release|Any CPU
		{47B89925-DDA4-477B-B9B0-33C069BCC5EA}.Release|x64.ActiveCfg = Release|Any CPU
		{47B89925-DDA4-477B-B9B0-33C069BCC5EA}.Release|x64.Build.0 = Release|Any CPU
		{47B89925-DDA4-477B-B9B0-33C069BCC5EA}.Release|x86.ActiveCfg = Release|Any CPU
		{47B89925-DDA4-477B-B9B0-33C069BCC5EA}.Release|x86.Build.0 = Release|Any CPU
		{6C234280-508A-47A4-B9CA-2677082EF85F}.Debug|Any CPU.ActiveCfg = Debug|Any CPU
		{6C234280-508A-47A4-B9CA-2677082EF85F}.Debug|Any CPU.Build.0 = Debug|Any CPU
		{6C234280-508A-47A4-B9CA-2677082EF85F}.Debug|x64.ActiveCfg = Debug|Any CPU
		{6C234280-508A-47A4-B9CA-2677082EF85F}.Debug|x64.Build.0 = Debug|Any CPU
		{6C234280-508A-47A4-B9CA-2677082EF85F}.Debug|x86.ActiveCfg = Debug|Any CPU
		{6C234280-508A-47A4-B9CA-2677082EF85F}.Debug|x86.Build.0 = Debug|Any CPU
		{6C234280-508A-47A4-B9CA-2677082EF85F}.Release|Any CPU.ActiveCfg = Release|Any CPU
		{6C234280-508A-47A4-B9CA-2677082EF85F}.Release|Any CPU.Build.0 = Release|Any CPU
		{6C234280-508A-47A4-B9CA-2677082EF85F}.Release|x64.ActiveCfg = Release|Any CPU
		{6C234280-508A-47A4-B9CA-2677082EF85F}.Release|x64.Build.0 = Release|Any CPU
		{6C234280-508A-47A4-B9CA-2677082EF85F}.Release|x86.ActiveCfg = Release|Any CPU
		{6C234280-508A-47A4-B9CA-2677082EF85F}.Release|x86.Build.0 = Release|Any CPU
		{60EEDD71-25C6-488A-870A-A16ACFC91D88}.Debug|Any CPU.ActiveCfg = Debug|Any CPU
		{60EEDD71-25C6-488A-870A-A16ACFC91D88}.Debug|Any CPU.Build.0 = Debug|Any CPU
		{60EEDD71-25C6-488A-870A-A16ACFC91D88}.Debug|x64.ActiveCfg = Debug|Any CPU
		{60EEDD71-25C6-488A-870A-A16ACFC91D88}.Debug|x64.Build.0 = Debug|Any CPU
		{60EEDD71-25C6-488A-870A-A16ACFC91D88}.Debug|x86.ActiveCfg = Debug|Any CPU
		{60EEDD71-25C6-488A-870A-A16ACFC91D88}.Debug|x86.Build.0 = Debug|Any CPU
		{60EEDD71-25C6-488A-870A-A16ACFC91D88}.Release|Any CPU.ActiveCfg = Release|Any CPU
		{60EEDD71-25C6-488A-870A-A16ACFC91D88}.Release|Any CPU.Build.0 = Release|Any CPU
		{60EEDD71-25C6-488A-870A-A16ACFC91D88}.Release|x64.ActiveCfg = Release|Any CPU
		{60EEDD71-25C6-488A-870A-A16ACFC91D88}.Release|x64.Build.0 = Release|Any CPU
		{60EEDD71-25C6-488A-870A-A16ACFC91D88}.Release|x86.ActiveCfg = Release|Any CPU
		{60EEDD71-25C6-488A-870A-A16ACFC91D88}.Release|x86.Build.0 = Release|Any CPU
		{10D5DA8F-7309-4E8E-B1A3-9B650F3BBFE8}.Debug|Any CPU.ActiveCfg = Debug|Any CPU
		{10D5DA8F-7309-4E8E-B1A3-9B650F3BBFE8}.Debug|Any CPU.Build.0 = Debug|Any CPU
		{10D5DA8F-7309-4E8E-B1A3-9B650F3BBFE8}.Debug|x64.ActiveCfg = Debug|Any CPU
		{10D5DA8F-7309-4E8E-B1A3-9B650F3BBFE8}.Debug|x64.Build.0 = Debug|Any CPU
		{10D5DA8F-7309-4E8E-B1A3-9B650F3BBFE8}.Debug|x86.ActiveCfg = Debug|Any CPU
		{10D5DA8F-7309-4E8E-B1A3-9B650F3BBFE8}.Debug|x86.Build.0 = Debug|Any CPU
		{10D5DA8F-7309-4E8E-B1A3-9B650F3BBFE8}.Release|Any CPU.ActiveCfg = Release|Any CPU
		{10D5DA8F-7309-4E8E-B1A3-9B650F3BBFE8}.Release|Any CPU.Build.0 = Release|Any CPU
		{10D5DA8F-7309-4E8E-B1A3-9B650F3BBFE8}.Release|x64.ActiveCfg = Release|Any CPU
		{10D5DA8F-7309-4E8E-B1A3-9B650F3BBFE8}.Release|x64.Build.0 = Release|Any CPU
		{10D5DA8F-7309-4E8E-B1A3-9B650F3BBFE8}.Release|x86.ActiveCfg = Release|Any CPU
		{10D5DA8F-7309-4E8E-B1A3-9B650F3BBFE8}.Release|x86.Build.0 = Release|Any CPU
		{3C03A41C-BE4C-40A8-97D5-5DBAC0C34102}.Debug|Any CPU.ActiveCfg = Debug|x86
		{3C03A41C-BE4C-40A8-97D5-5DBAC0C34102}.Debug|Any CPU.Build.0 = Debug|x86
		{3C03A41C-BE4C-40A8-97D5-5DBAC0C34102}.Debug|x64.ActiveCfg = Debug|x64
		{3C03A41C-BE4C-40A8-97D5-5DBAC0C34102}.Debug|x64.Build.0 = Debug|x64
		{3C03A41C-BE4C-40A8-97D5-5DBAC0C34102}.Debug|x86.ActiveCfg = Debug|x86
		{3C03A41C-BE4C-40A8-97D5-5DBAC0C34102}.Debug|x86.Build.0 = Debug|x86
		{3C03A41C-BE4C-40A8-97D5-5DBAC0C34102}.Release|Any CPU.ActiveCfg = Release|x86
		{3C03A41C-BE4C-40A8-97D5-5DBAC0C34102}.Release|x64.ActiveCfg = Release|x64
		{3C03A41C-BE4C-40A8-97D5-5DBAC0C34102}.Release|x64.Build.0 = Release|x64
		{3C03A41C-BE4C-40A8-97D5-5DBAC0C34102}.Release|x86.ActiveCfg = Release|x86
		{3C03A41C-BE4C-40A8-97D5-5DBAC0C34102}.Release|x86.Build.0 = Release|x86
		{F680D34F-C148-4314-8914-B2DF3E7B17AF}.Debug|Any CPU.ActiveCfg = Debug|x86
		{F680D34F-C148-4314-8914-B2DF3E7B17AF}.Debug|Any CPU.Build.0 = Debug|x86
		{F680D34F-C148-4314-8914-B2DF3E7B17AF}.Debug|x64.ActiveCfg = Debug|x64
		{F680D34F-C148-4314-8914-B2DF3E7B17AF}.Debug|x64.Build.0 = Debug|x64
		{F680D34F-C148-4314-8914-B2DF3E7B17AF}.Debug|x86.ActiveCfg = Debug|x86
		{F680D34F-C148-4314-8914-B2DF3E7B17AF}.Debug|x86.Build.0 = Debug|x86
		{F680D34F-C148-4314-8914-B2DF3E7B17AF}.Release|Any CPU.ActiveCfg = Release|x86
		{F680D34F-C148-4314-8914-B2DF3E7B17AF}.Release|x64.ActiveCfg = Release|x64
		{F680D34F-C148-4314-8914-B2DF3E7B17AF}.Release|x64.Build.0 = Release|x64
		{F680D34F-C148-4314-8914-B2DF3E7B17AF}.Release|x86.ActiveCfg = Release|x86
		{F680D34F-C148-4314-8914-B2DF3E7B17AF}.Release|x86.Build.0 = Release|x86
		{3DD11384-2CC1-4EE9-9F4A-02B6FE8759C0}.Debug|Any CPU.ActiveCfg = Debug|x86
		{3DD11384-2CC1-4EE9-9F4A-02B6FE8759C0}.Debug|Any CPU.Build.0 = Debug|x86
		{3DD11384-2CC1-4EE9-9F4A-02B6FE8759C0}.Debug|x64.ActiveCfg = Debug|x64
		{3DD11384-2CC1-4EE9-9F4A-02B6FE8759C0}.Debug|x64.Build.0 = Debug|x64
		{3DD11384-2CC1-4EE9-9F4A-02B6FE8759C0}.Debug|x86.ActiveCfg = Debug|x86
		{3DD11384-2CC1-4EE9-9F4A-02B6FE8759C0}.Debug|x86.Build.0 = Debug|x86
		{3DD11384-2CC1-4EE9-9F4A-02B6FE8759C0}.Release|Any CPU.ActiveCfg = Release|x86
		{3DD11384-2CC1-4EE9-9F4A-02B6FE8759C0}.Release|x64.ActiveCfg = Release|x64
		{3DD11384-2CC1-4EE9-9F4A-02B6FE8759C0}.Release|x64.Build.0 = Release|x64
		{3DD11384-2CC1-4EE9-9F4A-02B6FE8759C0}.Release|x86.ActiveCfg = Release|x86
		{3DD11384-2CC1-4EE9-9F4A-02B6FE8759C0}.Release|x86.Build.0 = Release|x86
	EndGlobalSection
	GlobalSection(SolutionProperties) = preSolution
		HideSolutionNode = FALSE
	EndGlobalSection
	GlobalSection(NestedProjects) = preSolution
		{B5697AB8-53AC-4230-9B79-E43A6AA54436} = {1D9DA43D-2ADC-40A1-AC9D-FAB36D0F77F2}
		{823D1355-EFD0-481C-A0D9-FDA0C4EA37DF} = {1D9DA43D-2ADC-40A1-AC9D-FAB36D0F77F2}
		{A61FACB3-147E-4FD9-88C1-A3F226157C23} = {1D9DA43D-2ADC-40A1-AC9D-FAB36D0F77F2}
		{65B26E48-3A6C-4BC4-AF16-F77809B5AFA2} = {1D9DA43D-2ADC-40A1-AC9D-FAB36D0F77F2}
		{9BACAF37-6E01-4703-BB17-7B5262B4B686} = {CD8C2CEA-143F-411A-A4A9-988A9A9FB516}
		{47B89925-DDA4-477B-B9B0-33C069BCC5EA} = {CD8C2CEA-143F-411A-A4A9-988A9A9FB516}
		{6C234280-508A-47A4-B9CA-2677082EF85F} = {75C96591-E7C2-40B2-81EC-E3E8A7320AAC}
		{60EEDD71-25C6-488A-870A-A16ACFC91D88} = {72590569-64FE-43F4-82AE-29A51055910C}
		{10D5DA8F-7309-4E8E-B1A3-9B650F3BBFE8} = {CD8C2CEA-143F-411A-A4A9-988A9A9FB516}
		{3C03A41C-BE4C-40A8-97D5-5DBAC0C34102} = {E412D2B5-0DDD-48AC-96D0-C42E513F9100}
		{F680D34F-C148-4314-8914-B2DF3E7B17AF} = {C8746962-1A8D-43FB-97BF-D8ABE8C423CE}
		{3DD11384-2CC1-4EE9-9F4A-02B6FE8759C0} = {9014AD10-A8A2-4F5E-8785-4B6FA2A8731F}
	EndGlobalSection
	GlobalSection(ExtensibilityGlobals) = postSolution
		SolutionGuid = {19F496D8-07EF-4890-BD1A-886B3BCD1F03}
	EndGlobalSection
EndGlobal
