
Microsoft Visual Studio Solution File, Format Version 12.00
# Visual Studio 15
VisualStudioVersion = 15.0.28307.902
MinimumVisualStudioVersion = 10.0.40219.1
Project("{FAE04EC0-301F-11D3-BF4B-00C04F79EFBC}") = "UserInterface", "UserInterface\UserInterface.csproj", "{EBF3CBFD-9CCD-454D-8E3C-B619FD321055}"
EndProject
Project("{FAE04EC0-301F-11D3-BF4B-00C04F79EFBC}") = "PubSub", "PubSub\PubSub.csproj", "{80E8271B-DC00-43BA-A6B3-9FC264928411}"
EndProject
Project("{FAE04EC0-301F-11D3-BF4B-00C04F79EFBC}") = "PubSubCommon", "PubSubCommon\PubSubCommon.csproj", "{6109286A-0DC9-469C-A271-0605C18ED32C}"
EndProject
Project("{FAE04EC0-301F-11D3-BF4B-00C04F79EFBC}") = "NMS", "NMS\NMS.csproj", "{8CE817FC-7226-4AE6-8F69-206BB834AA5E}"
EndProject
Global
	GlobalSection(SolutionConfigurationPlatforms) = preSolution
		Debug|Any CPU = Debug|Any CPU
		Release|Any CPU = Release|Any CPU
	EndGlobalSection
	GlobalSection(ProjectConfigurationPlatforms) = postSolution
		{EBF3CBFD-9CCD-454D-8E3C-B619FD321055}.Debug|Any CPU.ActiveCfg = Debug|Any CPU
		{EBF3CBFD-9CCD-454D-8E3C-B619FD321055}.Debug|Any CPU.Build.0 = Debug|Any CPU
		{EBF3CBFD-9CCD-454D-8E3C-B619FD321055}.Release|Any CPU.ActiveCfg = Release|Any CPU
		{EBF3CBFD-9CCD-454D-8E3C-B619FD321055}.Release|Any CPU.Build.0 = Release|Any CPU
		{80E8271B-DC00-43BA-A6B3-9FC264928411}.Debug|Any CPU.ActiveCfg = Debug|Any CPU
		{80E8271B-DC00-43BA-A6B3-9FC264928411}.Debug|Any CPU.Build.0 = Debug|Any CPU
		{80E8271B-DC00-43BA-A6B3-9FC264928411}.Release|Any CPU.ActiveCfg = Release|Any CPU
		{80E8271B-DC00-43BA-A6B3-9FC264928411}.Release|Any CPU.Build.0 = Release|Any CPU
		{6109286A-0DC9-469C-A271-0605C18ED32C}.Debug|Any CPU.ActiveCfg = Debug|Any CPU
		{6109286A-0DC9-469C-A271-0605C18ED32C}.Debug|Any CPU.Build.0 = Debug|Any CPU
		{6109286A-0DC9-469C-A271-0605C18ED32C}.Release|Any CPU.ActiveCfg = Release|Any CPU
		{6109286A-0DC9-469C-A271-0605C18ED32C}.Release|Any CPU.Build.0 = Release|Any CPU
		{8CE817FC-7226-4AE6-8F69-206BB834AA5E}.Debug|Any CPU.ActiveCfg = Debug|Any CPU
		{8CE817FC-7226-4AE6-8F69-206BB834AA5E}.Debug|Any CPU.Build.0 = Debug|Any CPU
		{8CE817FC-7226-4AE6-8F69-206BB834AA5E}.Release|Any CPU.ActiveCfg = Release|Any CPU
		{8CE817FC-7226-4AE6-8F69-206BB834AA5E}.Release|Any CPU.Build.0 = Release|Any CPU
	EndGlobalSection
	GlobalSection(SolutionProperties) = preSolution
		HideSolutionNode = FALSE
	EndGlobalSection
	GlobalSection(ExtensibilityGlobals) = postSolution
		SolutionGuid = {19F496D8-07EF-4890-BD1A-886B3BCD1F03}
	EndGlobalSection
EndGlobal
