
Microsoft Visual Studio Solution File, Format Version 12.00
# Visual Studio 15
VisualStudioVersion = 15.0.28307.779
MinimumVisualStudioVersion = 10.0.40219.1
Project("{A07B5EB6-E848-4116-A8D0-A826331D98C6}") = "ServiceFabricApp", "ServiceFabricApp\ServiceFabricApp.sfproj", "{46B92981-8833-4130-9A35-AFA7F86F65FD}"
EndProject
Project("{FAE04EC0-301F-11D3-BF4B-00C04F79EFBC}") = "CalculationEngine", "CalculationEngine\CalculationEngine.csproj", "{CDBF7033-9BC3-4FF7-B54C-AD1AF66A78FC}"
EndProject
Project("{FAE04EC0-301F-11D3-BF4B-00C04F79EFBC}") = "Common", "Common\Common.csproj", "{6C234280-508A-47A4-B9CA-2677082EF85F}"
EndProject
Project("{FAE04EC0-301F-11D3-BF4B-00C04F79EFBC}") = "PubSubCommon", "PubSubCommon\PubSubCommon.csproj", "{6109286A-0DC9-469C-A271-0605C18ED32C}"
EndProject
Project("{FAE04EC0-301F-11D3-BF4B-00C04F79EFBC}") = "ScadaCommon", "ScadaCommon\ScadaCommon.csproj", "{823D1355-EFD0-481C-A0D9-FDA0C4EA37DF}"
EndProject
Project("{FAE04EC0-301F-11D3-BF4B-00C04F79EFBC}") = "TransactionManagerContracts", "TransactionManagerContracts\TransactionManagerContracts.csproj", "{0A8F68EC-31CB-4FD1-B54A-DCF2FC97BBEC}"
EndProject
Project("{FAE04EC0-301F-11D3-BF4B-00C04F79EFBC}") = "DynamicDataProccessorService", "DynamicDataProccessorService\DynamicDataProccessorService.csproj", "{3EAD47A2-0701-4528-9309-6B7FDED33371}"
EndProject
Project("{FAE04EC0-301F-11D3-BF4B-00C04F79EFBC}") = "StateUpdaterService", "StateUpdaterService\StateUpdaterService.csproj", "{6E6DFC8B-3FE8-42E9-AC75-66214B4CA027}"
EndProject
Project("{FAE04EC0-301F-11D3-BF4B-00C04F79EFBC}") = "CommandingManagementService", "CommandingManagementService\CommandingManagementService.csproj", "{1F88B967-8190-4C06-94B0-1481010CC97C}"
EndProject
Project("{FAE04EC0-301F-11D3-BF4B-00C04F79EFBC}") = "BackEndProcessorService", "..\BackEndProcessorService\BackEndProcessorService.csproj", "{9E9F3E50-1395-46B5-8D75-B16A08B45CDF}"
EndProject
Project("{FAE04EC0-301F-11D3-BF4B-00C04F79EFBC}") = "RepositoryCore", "..\RepositoryCore\RepositoryCore.csproj", "{46F879CD-DF1D-402A-9373-62153FDE9ED4}"
EndProject
Project("{FAE04EC0-301F-11D3-BF4B-00C04F79EFBC}") = "RealTimeCacheService", "RealTimeCacheService\RealTimeCacheService.csproj", "{BE8D4F06-2A73-4014-952A-4495E0E4F62E}"
EndProject
Project("{FAE04EC0-301F-11D3-BF4B-00C04F79EFBC}") = "MeasurementRepositoryService", "MeasurementRepositoryService\MeasurementRepositoryService.csproj", "{7BDE83A6-9C64-4200-A10C-B9868232C54C}"
EndProject
Project("{FAE04EC0-301F-11D3-BF4B-00C04F79EFBC}") = "SCADAModelUpdateService", "SCADAModelUpdateService\SCADAModelUpdateService.csproj", "{FF280A13-A98F-4099-9175-00DCBBE86183}"
EndProject
Global
	GlobalSection(SolutionConfigurationPlatforms) = preSolution
		Debug|Any CPU = Debug|Any CPU
		Debug|x64 = Debug|x64
		Debug|x86 = Debug|x86
		Release|Any CPU = Release|Any CPU
		Release|x64 = Release|x64
		Release|x86 = Release|x86
	EndGlobalSection
	GlobalSection(ProjectConfigurationPlatforms) = postSolution
		{46B92981-8833-4130-9A35-AFA7F86F65FD}.Debug|Any CPU.ActiveCfg = Debug|x64
		{46B92981-8833-4130-9A35-AFA7F86F65FD}.Debug|x64.ActiveCfg = Debug|x64
		{46B92981-8833-4130-9A35-AFA7F86F65FD}.Debug|x64.Build.0 = Debug|x64
		{46B92981-8833-4130-9A35-AFA7F86F65FD}.Debug|x64.Deploy.0 = Debug|x64
		{46B92981-8833-4130-9A35-AFA7F86F65FD}.Debug|x86.ActiveCfg = Debug|x64
		{46B92981-8833-4130-9A35-AFA7F86F65FD}.Release|Any CPU.ActiveCfg = Release|x64
		{46B92981-8833-4130-9A35-AFA7F86F65FD}.Release|x64.ActiveCfg = Release|x64
		{46B92981-8833-4130-9A35-AFA7F86F65FD}.Release|x64.Build.0 = Release|x64
		{46B92981-8833-4130-9A35-AFA7F86F65FD}.Release|x64.Deploy.0 = Release|x64
		{46B92981-8833-4130-9A35-AFA7F86F65FD}.Release|x86.ActiveCfg = Release|x64
		{CDBF7033-9BC3-4FF7-B54C-AD1AF66A78FC}.Debug|Any CPU.ActiveCfg = Debug|x64
		{CDBF7033-9BC3-4FF7-B54C-AD1AF66A78FC}.Debug|x64.ActiveCfg = Debug|x64
		{CDBF7033-9BC3-4FF7-B54C-AD1AF66A78FC}.Debug|x64.Build.0 = Debug|x64
		{CDBF7033-9BC3-4FF7-B54C-AD1AF66A78FC}.Debug|x86.ActiveCfg = Debug|x64
		{CDBF7033-9BC3-4FF7-B54C-AD1AF66A78FC}.Release|Any CPU.ActiveCfg = Release|x64
		{CDBF7033-9BC3-4FF7-B54C-AD1AF66A78FC}.Release|x64.ActiveCfg = Release|x64
		{CDBF7033-9BC3-4FF7-B54C-AD1AF66A78FC}.Release|x64.Build.0 = Release|x64
		{CDBF7033-9BC3-4FF7-B54C-AD1AF66A78FC}.Release|x86.ActiveCfg = Release|x64
		{6C234280-508A-47A4-B9CA-2677082EF85F}.Debug|Any CPU.ActiveCfg = Debug|Any CPU
		{6C234280-508A-47A4-B9CA-2677082EF85F}.Debug|Any CPU.Build.0 = Debug|Any CPU
		{6C234280-508A-47A4-B9CA-2677082EF85F}.Debug|x64.ActiveCfg = Debug|Any CPU
		{6C234280-508A-47A4-B9CA-2677082EF85F}.Debug|x64.Build.0 = Debug|Any CPU
		{6C234280-508A-47A4-B9CA-2677082EF85F}.Debug|x86.ActiveCfg = Debug|Any CPU
		{6C234280-508A-47A4-B9CA-2677082EF85F}.Debug|x86.Build.0 = Debug|Any CPU
		{6C234280-508A-47A4-B9CA-2677082EF85F}.Release|Any CPU.ActiveCfg = Release|Any CPU
		{6C234280-508A-47A4-B9CA-2677082EF85F}.Release|Any CPU.Build.0 = Release|Any CPU
		{6C234280-508A-47A4-B9CA-2677082EF85F}.Release|x64.ActiveCfg = Release|Any CPU
		{6C234280-508A-47A4-B9CA-2677082EF85F}.Release|x64.Build.0 = Release|Any CPU
		{6C234280-508A-47A4-B9CA-2677082EF85F}.Release|x86.ActiveCfg = Release|Any CPU
		{6C234280-508A-47A4-B9CA-2677082EF85F}.Release|x86.Build.0 = Release|Any CPU
		{6109286A-0DC9-469C-A271-0605C18ED32C}.Debug|Any CPU.ActiveCfg = Debug|Any CPU
		{6109286A-0DC9-469C-A271-0605C18ED32C}.Debug|Any CPU.Build.0 = Debug|Any CPU
		{6109286A-0DC9-469C-A271-0605C18ED32C}.Debug|x64.ActiveCfg = Debug|Any CPU
		{6109286A-0DC9-469C-A271-0605C18ED32C}.Debug|x64.Build.0 = Debug|Any CPU
		{6109286A-0DC9-469C-A271-0605C18ED32C}.Debug|x86.ActiveCfg = Debug|Any CPU
		{6109286A-0DC9-469C-A271-0605C18ED32C}.Debug|x86.Build.0 = Debug|Any CPU
		{6109286A-0DC9-469C-A271-0605C18ED32C}.Release|Any CPU.ActiveCfg = Release|Any CPU
		{6109286A-0DC9-469C-A271-0605C18ED32C}.Release|Any CPU.Build.0 = Release|Any CPU
		{6109286A-0DC9-469C-A271-0605C18ED32C}.Release|x64.ActiveCfg = Release|Any CPU
		{6109286A-0DC9-469C-A271-0605C18ED32C}.Release|x64.Build.0 = Release|Any CPU
		{6109286A-0DC9-469C-A271-0605C18ED32C}.Release|x86.ActiveCfg = Release|Any CPU
		{6109286A-0DC9-469C-A271-0605C18ED32C}.Release|x86.Build.0 = Release|Any CPU
		{823D1355-EFD0-481C-A0D9-FDA0C4EA37DF}.Debug|Any CPU.ActiveCfg = Debug|Any CPU
		{823D1355-EFD0-481C-A0D9-FDA0C4EA37DF}.Debug|Any CPU.Build.0 = Debug|Any CPU
		{823D1355-EFD0-481C-A0D9-FDA0C4EA37DF}.Debug|x64.ActiveCfg = Debug|Any CPU
		{823D1355-EFD0-481C-A0D9-FDA0C4EA37DF}.Debug|x64.Build.0 = Debug|Any CPU
		{823D1355-EFD0-481C-A0D9-FDA0C4EA37DF}.Debug|x86.ActiveCfg = Debug|Any CPU
		{823D1355-EFD0-481C-A0D9-FDA0C4EA37DF}.Debug|x86.Build.0 = Debug|Any CPU
		{823D1355-EFD0-481C-A0D9-FDA0C4EA37DF}.Release|Any CPU.ActiveCfg = Release|Any CPU
		{823D1355-EFD0-481C-A0D9-FDA0C4EA37DF}.Release|Any CPU.Build.0 = Release|Any CPU
		{823D1355-EFD0-481C-A0D9-FDA0C4EA37DF}.Release|x64.ActiveCfg = Release|Any CPU
		{823D1355-EFD0-481C-A0D9-FDA0C4EA37DF}.Release|x64.Build.0 = Release|Any CPU
		{823D1355-EFD0-481C-A0D9-FDA0C4EA37DF}.Release|x86.ActiveCfg = Release|Any CPU
		{823D1355-EFD0-481C-A0D9-FDA0C4EA37DF}.Release|x86.Build.0 = Release|Any CPU
		{0A8F68EC-31CB-4FD1-B54A-DCF2FC97BBEC}.Debug|Any CPU.ActiveCfg = Debug|Any CPU
		{0A8F68EC-31CB-4FD1-B54A-DCF2FC97BBEC}.Debug|Any CPU.Build.0 = Debug|Any CPU
		{0A8F68EC-31CB-4FD1-B54A-DCF2FC97BBEC}.Debug|x64.ActiveCfg = Debug|Any CPU
		{0A8F68EC-31CB-4FD1-B54A-DCF2FC97BBEC}.Debug|x64.Build.0 = Debug|Any CPU
		{0A8F68EC-31CB-4FD1-B54A-DCF2FC97BBEC}.Debug|x86.ActiveCfg = Debug|Any CPU
		{0A8F68EC-31CB-4FD1-B54A-DCF2FC97BBEC}.Debug|x86.Build.0 = Debug|Any CPU
		{0A8F68EC-31CB-4FD1-B54A-DCF2FC97BBEC}.Release|Any CPU.ActiveCfg = Release|Any CPU
		{0A8F68EC-31CB-4FD1-B54A-DCF2FC97BBEC}.Release|Any CPU.Build.0 = Release|Any CPU
		{0A8F68EC-31CB-4FD1-B54A-DCF2FC97BBEC}.Release|x64.ActiveCfg = Release|Any CPU
		{0A8F68EC-31CB-4FD1-B54A-DCF2FC97BBEC}.Release|x64.Build.0 = Release|Any CPU
		{0A8F68EC-31CB-4FD1-B54A-DCF2FC97BBEC}.Release|x86.ActiveCfg = Release|Any CPU
		{0A8F68EC-31CB-4FD1-B54A-DCF2FC97BBEC}.Release|x86.Build.0 = Release|Any CPU
		{3EAD47A2-0701-4528-9309-6B7FDED33371}.Debug|Any CPU.ActiveCfg = Debug|x64
		{3EAD47A2-0701-4528-9309-6B7FDED33371}.Debug|x64.ActiveCfg = Debug|x64
		{3EAD47A2-0701-4528-9309-6B7FDED33371}.Debug|x64.Build.0 = Debug|x64
		{3EAD47A2-0701-4528-9309-6B7FDED33371}.Debug|x86.ActiveCfg = Debug|x64
		{3EAD47A2-0701-4528-9309-6B7FDED33371}.Release|Any CPU.ActiveCfg = Release|x64
		{3EAD47A2-0701-4528-9309-6B7FDED33371}.Release|x64.ActiveCfg = Release|x64
		{3EAD47A2-0701-4528-9309-6B7FDED33371}.Release|x64.Build.0 = Release|x64
		{3EAD47A2-0701-4528-9309-6B7FDED33371}.Release|x86.ActiveCfg = Release|x64
		{6E6DFC8B-3FE8-42E9-AC75-66214B4CA027}.Debug|Any CPU.ActiveCfg = Debug|x64
		{6E6DFC8B-3FE8-42E9-AC75-66214B4CA027}.Debug|x64.ActiveCfg = Debug|x64
		{6E6DFC8B-3FE8-42E9-AC75-66214B4CA027}.Debug|x64.Build.0 = Debug|x64
		{6E6DFC8B-3FE8-42E9-AC75-66214B4CA027}.Debug|x86.ActiveCfg = Debug|x64
		{6E6DFC8B-3FE8-42E9-AC75-66214B4CA027}.Release|Any CPU.ActiveCfg = Release|x64
		{6E6DFC8B-3FE8-42E9-AC75-66214B4CA027}.Release|x64.ActiveCfg = Release|x64
		{6E6DFC8B-3FE8-42E9-AC75-66214B4CA027}.Release|x64.Build.0 = Release|x64
		{6E6DFC8B-3FE8-42E9-AC75-66214B4CA027}.Release|x86.ActiveCfg = Release|x64
		{1F88B967-8190-4C06-94B0-1481010CC97C}.Debug|Any CPU.ActiveCfg = Debug|x64
		{1F88B967-8190-4C06-94B0-1481010CC97C}.Debug|x64.ActiveCfg = Debug|x64
		{1F88B967-8190-4C06-94B0-1481010CC97C}.Debug|x64.Build.0 = Debug|x64
		{1F88B967-8190-4C06-94B0-1481010CC97C}.Debug|x86.ActiveCfg = Debug|x64
		{1F88B967-8190-4C06-94B0-1481010CC97C}.Release|Any CPU.ActiveCfg = Release|x64
		{1F88B967-8190-4C06-94B0-1481010CC97C}.Release|x64.ActiveCfg = Release|x64
		{1F88B967-8190-4C06-94B0-1481010CC97C}.Release|x64.Build.0 = Release|x64
		{1F88B967-8190-4C06-94B0-1481010CC97C}.Release|x86.ActiveCfg = Release|x64
		{9E9F3E50-1395-46B5-8D75-B16A08B45CDF}.Debug|Any CPU.ActiveCfg = Debug|Any CPU
		{9E9F3E50-1395-46B5-8D75-B16A08B45CDF}.Debug|Any CPU.Build.0 = Debug|Any CPU
		{9E9F3E50-1395-46B5-8D75-B16A08B45CDF}.Debug|x64.ActiveCfg = Debug|Any CPU
		{9E9F3E50-1395-46B5-8D75-B16A08B45CDF}.Debug|x64.Build.0 = Debug|Any CPU
		{9E9F3E50-1395-46B5-8D75-B16A08B45CDF}.Debug|x86.ActiveCfg = Debug|Any CPU
		{9E9F3E50-1395-46B5-8D75-B16A08B45CDF}.Debug|x86.Build.0 = Debug|Any CPU
		{9E9F3E50-1395-46B5-8D75-B16A08B45CDF}.Release|Any CPU.ActiveCfg = Release|Any CPU
		{9E9F3E50-1395-46B5-8D75-B16A08B45CDF}.Release|Any CPU.Build.0 = Release|Any CPU
		{9E9F3E50-1395-46B5-8D75-B16A08B45CDF}.Release|x64.ActiveCfg = Release|Any CPU
		{9E9F3E50-1395-46B5-8D75-B16A08B45CDF}.Release|x64.Build.0 = Release|Any CPU
		{9E9F3E50-1395-46B5-8D75-B16A08B45CDF}.Release|x86.ActiveCfg = Release|Any CPU
		{9E9F3E50-1395-46B5-8D75-B16A08B45CDF}.Release|x86.Build.0 = Release|Any CPU
		{46F879CD-DF1D-402A-9373-62153FDE9ED4}.Debug|Any CPU.ActiveCfg = Debug|Any CPU
		{46F879CD-DF1D-402A-9373-62153FDE9ED4}.Debug|Any CPU.Build.0 = Debug|Any CPU
		{46F879CD-DF1D-402A-9373-62153FDE9ED4}.Debug|x64.ActiveCfg = Debug|Any CPU
		{46F879CD-DF1D-402A-9373-62153FDE9ED4}.Debug|x64.Build.0 = Debug|Any CPU
		{46F879CD-DF1D-402A-9373-62153FDE9ED4}.Debug|x86.ActiveCfg = Debug|Any CPU
		{46F879CD-DF1D-402A-9373-62153FDE9ED4}.Debug|x86.Build.0 = Debug|Any CPU
		{46F879CD-DF1D-402A-9373-62153FDE9ED4}.Release|Any CPU.ActiveCfg = Release|Any CPU
		{46F879CD-DF1D-402A-9373-62153FDE9ED4}.Release|Any CPU.Build.0 = Release|Any CPU
		{46F879CD-DF1D-402A-9373-62153FDE9ED4}.Release|x64.ActiveCfg = Release|Any CPU
		{46F879CD-DF1D-402A-9373-62153FDE9ED4}.Release|x64.Build.0 = Release|Any CPU
		{46F879CD-DF1D-402A-9373-62153FDE9ED4}.Release|x86.ActiveCfg = Release|Any CPU
		{46F879CD-DF1D-402A-9373-62153FDE9ED4}.Release|x86.Build.0 = Release|Any CPU
		{BE8D4F06-2A73-4014-952A-4495E0E4F62E}.Debug|Any CPU.ActiveCfg = Debug|x64
		{BE8D4F06-2A73-4014-952A-4495E0E4F62E}.Debug|x64.ActiveCfg = Debug|x64
		{BE8D4F06-2A73-4014-952A-4495E0E4F62E}.Debug|x64.Build.0 = Debug|x64
		{BE8D4F06-2A73-4014-952A-4495E0E4F62E}.Debug|x86.ActiveCfg = Debug|x64
		{BE8D4F06-2A73-4014-952A-4495E0E4F62E}.Release|Any CPU.ActiveCfg = Release|x64
		{BE8D4F06-2A73-4014-952A-4495E0E4F62E}.Release|x64.ActiveCfg = Release|x64
		{BE8D4F06-2A73-4014-952A-4495E0E4F62E}.Release|x64.Build.0 = Release|x64
		{BE8D4F06-2A73-4014-952A-4495E0E4F62E}.Release|x86.ActiveCfg = Release|x64
		{7BDE83A6-9C64-4200-A10C-B9868232C54C}.Debug|Any CPU.ActiveCfg = Debug|x64
		{7BDE83A6-9C64-4200-A10C-B9868232C54C}.Debug|x64.ActiveCfg = Debug|x64
		{7BDE83A6-9C64-4200-A10C-B9868232C54C}.Debug|x64.Build.0 = Debug|x64
		{7BDE83A6-9C64-4200-A10C-B9868232C54C}.Debug|x86.ActiveCfg = Debug|x64
		{7BDE83A6-9C64-4200-A10C-B9868232C54C}.Release|Any CPU.ActiveCfg = Release|x64
		{7BDE83A6-9C64-4200-A10C-B9868232C54C}.Release|x64.ActiveCfg = Release|x64
		{7BDE83A6-9C64-4200-A10C-B9868232C54C}.Release|x64.Build.0 = Release|x64
		{7BDE83A6-9C64-4200-A10C-B9868232C54C}.Release|x86.ActiveCfg = Release|x64
		{FF280A13-A98F-4099-9175-00DCBBE86183}.Debug|Any CPU.ActiveCfg = Debug|x64
		{FF280A13-A98F-4099-9175-00DCBBE86183}.Debug|x64.ActiveCfg = Debug|x64
		{FF280A13-A98F-4099-9175-00DCBBE86183}.Debug|x64.Build.0 = Debug|x64
		{FF280A13-A98F-4099-9175-00DCBBE86183}.Debug|x86.ActiveCfg = Debug|x64
		{FF280A13-A98F-4099-9175-00DCBBE86183}.Release|Any CPU.ActiveCfg = Release|x64
		{FF280A13-A98F-4099-9175-00DCBBE86183}.Release|x64.ActiveCfg = Release|x64
		{FF280A13-A98F-4099-9175-00DCBBE86183}.Release|x64.Build.0 = Release|x64
		{FF280A13-A98F-4099-9175-00DCBBE86183}.Release|x86.ActiveCfg = Release|x64
	EndGlobalSection
	GlobalSection(SolutionProperties) = preSolution
		HideSolutionNode = FALSE
	EndGlobalSection
	GlobalSection(ExtensibilityGlobals) = postSolution
		SolutionGuid = {90521DCC-F41E-42C2-ADF9-7A898C42DA47}
	EndGlobalSection
EndGlobal
